schema: '2.0'
stages:
  preprocess:
    cmd: conda run -n ml-env python preprocess.py
    deps:
    - path: preprocess.py
      hash: md5
      md5: 0d35886b772534f70f1bca9ff4bdf841
      size: 3891
    outs:
    - path: data/data_raw.csv
      hash: md5
      md5: 2f1517b2bcbb7b5cf15335fe45b7b82e
      size: 37980
    - path: data/test.csv
      hash: md5
      md5: 2efaf9e724f2884fad3be5f9f8c2deb1
      size: 32834
    - path: data/train.csv
      hash: md5
      md5: f4f0ad4133567e3e7a11cb1da2c86803
      size: 129965
  train:
    cmd: conda run -n ml-env python train.py
    deps:
    - path: data/train.csv
      hash: md5
      md5: f4f0ad4133567e3e7a11cb1da2c86803
      size: 129965
    - path: train.py
      hash: md5
      md5: 449665a776a2c1cf38c18ae1689c1372
      size: 562
    outs:
    - path: models/model.pkl
      hash: md5
      md5: 118a3462453002ccbe6ba296fc89fd0f
      size: 58011
  validate:
    cmd: conda run -n ml-env python validate.py
    deps:
    - path: data/test.csv
      hash: md5
      md5: 2efaf9e724f2884fad3be5f9f8c2deb1
      size: 32834
    - path: models/model.pkl
      hash: md5
      md5: 118a3462453002ccbe6ba296fc89fd0f
      size: 58011
    - path: validate.py
      hash: md5
      md5: 8fb5fb066ae28bbe8798e4ee5789c661
      size: 1435
    outs:
    - path: confusion_matrix.png
      hash: md5
      md5: 4ba9afd26314975c76341b9a388775aa
      size: 16512
    - path: metrics.json
      hash: md5
      md5: 915c2b562d120715bfe02a37ae794f8e
      size: 594
